// !$*UTF8*$!
{
	archiveVersion = 1;
	classes = {
	};
	objectVersion = 51;
	objects = {

/* Begin PBXBuildFile section */
		4C2F55E22572F919005CE548 /* AppDelegate.swift in Sources */ = {isa = PBXBuildFile; fileRef = 4C2F55E12572F919005CE548 /* AppDelegate.swift */; };
		4C2F55E42572F919005CE548 /* SceneDelegate.swift in Sources */ = {isa = PBXBuildFile; fileRef = 4C2F55E32572F919005CE548 /* SceneDelegate.swift */; };
		4C2F55E92572F919005CE548 /* Main.storyboard in Resources */ = {isa = PBXBuildFile; fileRef = 4C2F55E72572F919005CE548 /* Main.storyboard */; };
		4C2F55EB2572F91A005CE548 /* Assets.xcassets in Resources */ = {isa = PBXBuildFile; fileRef = 4C2F55EA2572F91A005CE548 /* Assets.xcassets */; };
		4C2F55EE2572F91A005CE548 /* LaunchScreen.storyboard in Resources */ = {isa = PBXBuildFile; fileRef = 4C2F55EC2572F91A005CE548 /* LaunchScreen.storyboard */; };
		4C2F55F92572F91A005CE548 /* Night_DriveTests.swift in Sources */ = {isa = PBXBuildFile; fileRef = 4C2F55F82572F91A005CE548 /* Night_DriveTests.swift */; };
		4C2F56042572F91A005CE548 /* Night_DriveUITests.swift in Sources */ = {isa = PBXBuildFile; fileRef = 4C2F56032572F91A005CE548 /* Night_DriveUITests.swift */; };
		4C2F5691257C35EF005CE548 /* Images.xcassets in Resources */ = {isa = PBXBuildFile; fileRef = 4C2F5690257C35EF005CE548 /* Images.xcassets */; };
		4C7562D5257C6303006A8186 /* MapsViewController.swift in Sources */ = {isa = PBXBuildFile; fileRef = 4C7562D4257C6303006A8186 /* MapsViewController.swift */; };
		4C7562E5257D6E9A006A8186 /* MusicViewController.swift in Sources */ = {isa = PBXBuildFile; fileRef = 4C7562E4257D6E9A006A8186 /* MusicViewController.swift */; };
		72898A6C25745CDF000DCB25 /* LoginViewController.swift in Sources */ = {isa = PBXBuildFile; fileRef = 72898A6B25745CDF000DCB25 /* LoginViewController.swift */; };
		72898A7425745D0C000DCB25 /* HomeViewController.swift in Sources */ = {isa = PBXBuildFile; fileRef = 72898A7325745D0C000DCB25 /* HomeViewController.swift */; };
		72898A79257465B6000DCB25 /* SignUpViewController.swift in Sources */ = {isa = PBXBuildFile; fileRef = 72898A78257465B6000DCB25 /* SignUpViewController.swift */; };
		93879B7374C4E29EF81DB3B2 /* Pods_Night_DriveTests.framework in Frameworks */ = {isa = PBXBuildFile; fileRef = 7143D0A19015E90413EE199F /* Pods_Night_DriveTests.framework */; };
		A2259EDB2447DC6DC6FBAB63 /* Pods_Night_Drive.framework in Frameworks */ = {isa = PBXBuildFile; fileRef = 7E7241A9EE3EBFC78AC3348C /* Pods_Night_Drive.framework */; };
		A3C233BF80A75B0176A66305 /* Pods_Night_Drive_Night_DriveUITests.framework in Frameworks */ = {isa = PBXBuildFile; fileRef = F0B4506F2512B263CE68D620 /* Pods_Night_Drive_Night_DriveUITests.framework */; };
/* End PBXBuildFile section */

/* Begin PBXContainerItemProxy section */
		4C2F55F52572F91A005CE548 /* PBXContainerItemProxy */ = {
			isa = PBXContainerItemProxy;
			containerPortal = 4C2F55D62572F919005CE548 /* Project object */;
			proxyType = 1;
			remoteGlobalIDString = 4C2F55DD2572F919005CE548;
			remoteInfo = "Night Drive";
		};
		4C2F56002572F91A005CE548 /* PBXContainerItemProxy */ = {
			isa = PBXContainerItemProxy;
			containerPortal = 4C2F55D62572F919005CE548 /* Project object */;
			proxyType = 1;
			remoteGlobalIDString = 4C2F55DD2572F919005CE548;
			remoteInfo = "Night Drive";
		};
/* End PBXContainerItemProxy section */

/* Begin PBXFileReference section */
		0245DD8B3E57E490F0BD8682 /* Pods-Night DriveTests.debug.xcconfig */ = {isa = PBXFileReference; includeInIndex = 1; lastKnownFileType = text.xcconfig; name = "Pods-Night DriveTests.debug.xcconfig"; path = "Target Support Files/Pods-Night DriveTests/Pods-Night DriveTests.debug.xcconfig"; sourceTree = "<group>"; };
		2697EF7B1E2D66CE96EB06FC /* Pods-Night DriveTests.release.xcconfig */ = {isa = PBXFileReference; includeInIndex = 1; lastKnownFileType = text.xcconfig; name = "Pods-Night DriveTests.release.xcconfig"; path = "Target Support Files/Pods-Night DriveTests/Pods-Night DriveTests.release.xcconfig"; sourceTree = "<group>"; };
		4C2F55DE2572F919005CE548 /* Night Drive.app */ = {isa = PBXFileReference; explicitFileType = wrapper.application; includeInIndex = 0; path = "Night Drive.app"; sourceTree = BUILT_PRODUCTS_DIR; };
		4C2F55E12572F919005CE548 /* AppDelegate.swift */ = {isa = PBXFileReference; lastKnownFileType = sourcecode.swift; path = AppDelegate.swift; sourceTree = "<group>"; };
		4C2F55E32572F919005CE548 /* SceneDelegate.swift */ = {isa = PBXFileReference; lastKnownFileType = sourcecode.swift; path = SceneDelegate.swift; sourceTree = "<group>"; };
		4C2F55E82572F919005CE548 /* Base */ = {isa = PBXFileReference; lastKnownFileType = file.storyboard; name = Base; path = Base.lproj/Main.storyboard; sourceTree = "<group>"; };
		4C2F55EA2572F91A005CE548 /* Assets.xcassets */ = {isa = PBXFileReference; lastKnownFileType = folder.assetcatalog; path = Assets.xcassets; sourceTree = "<group>"; };
		4C2F55ED2572F91A005CE548 /* Base */ = {isa = PBXFileReference; lastKnownFileType = file.storyboard; name = Base; path = Base.lproj/LaunchScreen.storyboard; sourceTree = "<group>"; };
		4C2F55EF2572F91A005CE548 /* Info.plist */ = {isa = PBXFileReference; lastKnownFileType = text.plist.xml; path = Info.plist; sourceTree = "<group>"; };
		4C2F55F42572F91A005CE548 /* Night DriveTests.xctest */ = {isa = PBXFileReference; explicitFileType = wrapper.cfbundle; includeInIndex = 0; path = "Night DriveTests.xctest"; sourceTree = BUILT_PRODUCTS_DIR; };
		4C2F55F82572F91A005CE548 /* Night_DriveTests.swift */ = {isa = PBXFileReference; lastKnownFileType = sourcecode.swift; path = Night_DriveTests.swift; sourceTree = "<group>"; };
		4C2F55FA2572F91A005CE548 /* Info.plist */ = {isa = PBXFileReference; lastKnownFileType = text.plist.xml; path = Info.plist; sourceTree = "<group>"; };
		4C2F55FF2572F91A005CE548 /* Night DriveUITests.xctest */ = {isa = PBXFileReference; explicitFileType = wrapper.cfbundle; includeInIndex = 0; path = "Night DriveUITests.xctest"; sourceTree = BUILT_PRODUCTS_DIR; };
		4C2F56032572F91A005CE548 /* Night_DriveUITests.swift */ = {isa = PBXFileReference; lastKnownFileType = sourcecode.swift; path = Night_DriveUITests.swift; sourceTree = "<group>"; };
		4C2F56052572F91A005CE548 /* Info.plist */ = {isa = PBXFileReference; lastKnownFileType = text.plist.xml; path = Info.plist; sourceTree = "<group>"; };
		4C2F5690257C35EF005CE548 /* Images.xcassets */ = {isa = PBXFileReference; lastKnownFileType = folder.assetcatalog; path = Images.xcassets; sourceTree = "<group>"; };
		4C7562D4257C6303006A8186 /* MapsViewController.swift */ = {isa = PBXFileReference; lastKnownFileType = sourcecode.swift; path = MapsViewController.swift; sourceTree = "<group>"; };
		4C7562E4257D6E9A006A8186 /* MusicViewController.swift */ = {isa = PBXFileReference; lastKnownFileType = sourcecode.swift; path = MusicViewController.swift; sourceTree = "<group>"; };
		5C49620A9BBC08A1E6E226D8 /* Pods-Night Drive.release.xcconfig */ = {isa = PBXFileReference; includeInIndex = 1; lastKnownFileType = text.xcconfig; name = "Pods-Night Drive.release.xcconfig"; path = "Target Support Files/Pods-Night Drive/Pods-Night Drive.release.xcconfig"; sourceTree = "<group>"; };
		5EC25F4EF304065A13F1E13C /* Pods-Night Drive.debug.xcconfig */ = {isa = PBXFileReference; includeInIndex = 1; lastKnownFileType = text.xcconfig; name = "Pods-Night Drive.debug.xcconfig"; path = "Target Support Files/Pods-Night Drive/Pods-Night Drive.debug.xcconfig"; sourceTree = "<group>"; };
		7143D0A19015E90413EE199F /* Pods_Night_DriveTests.framework */ = {isa = PBXFileReference; explicitFileType = wrapper.framework; includeInIndex = 0; path = Pods_Night_DriveTests.framework; sourceTree = BUILT_PRODUCTS_DIR; };
		72898A6B25745CDF000DCB25 /* LoginViewController.swift */ = {isa = PBXFileReference; lastKnownFileType = sourcecode.swift; path = LoginViewController.swift; sourceTree = "<group>"; };
		72898A7325745D0C000DCB25 /* HomeViewController.swift */ = {isa = PBXFileReference; lastKnownFileType = sourcecode.swift; path = HomeViewController.swift; sourceTree = "<group>"; };
		72898A78257465B6000DCB25 /* SignUpViewController.swift */ = {isa = PBXFileReference; lastKnownFileType = sourcecode.swift; path = SignUpViewController.swift; sourceTree = "<group>"; };
		7E7241A9EE3EBFC78AC3348C /* Pods_Night_Drive.framework */ = {isa = PBXFileReference; explicitFileType = wrapper.framework; includeInIndex = 0; path = Pods_Night_Drive.framework; sourceTree = BUILT_PRODUCTS_DIR; };
		8827B54887D234DC98952F43 /* Pods-Night Drive-Night DriveUITests.debug.xcconfig */ = {isa = PBXFileReference; includeInIndex = 1; lastKnownFileType = text.xcconfig; name = "Pods-Night Drive-Night DriveUITests.debug.xcconfig"; path = "Target Support Files/Pods-Night Drive-Night DriveUITests/Pods-Night Drive-Night DriveUITests.debug.xcconfig"; sourceTree = "<group>"; };
		94164CC2317C9B3369BCBB3D /* Pods-Night Drive-Night DriveUITests.release.xcconfig */ = {isa = PBXFileReference; includeInIndex = 1; lastKnownFileType = text.xcconfig; name = "Pods-Night Drive-Night DriveUITests.release.xcconfig"; path = "Target Support Files/Pods-Night Drive-Night DriveUITests/Pods-Night Drive-Night DriveUITests.release.xcconfig"; sourceTree = "<group>"; };
		F0B4506F2512B263CE68D620 /* Pods_Night_Drive_Night_DriveUITests.framework */ = {isa = PBXFileReference; explicitFileType = wrapper.framework; includeInIndex = 0; path = Pods_Night_Drive_Night_DriveUITests.framework; sourceTree = BUILT_PRODUCTS_DIR; };
/* End PBXFileReference section */

/* Begin PBXFrameworksBuildPhase section */
		4C2F55DB2572F919005CE548 /* Frameworks */ = {
			isa = PBXFrameworksBuildPhase;
			buildActionMask = 2147483647;
			files = (
				A2259EDB2447DC6DC6FBAB63 /* Pods_Night_Drive.framework in Frameworks */,
			);
			runOnlyForDeploymentPostprocessing = 0;
		};
		4C2F55F12572F91A005CE548 /* Frameworks */ = {
			isa = PBXFrameworksBuildPhase;
			buildActionMask = 2147483647;
			files = (
				93879B7374C4E29EF81DB3B2 /* Pods_Night_DriveTests.framework in Frameworks */,
			);
			runOnlyForDeploymentPostprocessing = 0;
		};
		4C2F55FC2572F91A005CE548 /* Frameworks */ = {
			isa = PBXFrameworksBuildPhase;
			buildActionMask = 2147483647;
			files = (
				A3C233BF80A75B0176A66305 /* Pods_Night_Drive_Night_DriveUITests.framework in Frameworks */,
			);
			runOnlyForDeploymentPostprocessing = 0;
		};
/* End PBXFrameworksBuildPhase section */

/* Begin PBXGroup section */
		1D92AFEFEBA1B524645B57DA /* Frameworks */ = {
			isa = PBXGroup;
			children = (
				7E7241A9EE3EBFC78AC3348C /* Pods_Night_Drive.framework */,
				F0B4506F2512B263CE68D620 /* Pods_Night_Drive_Night_DriveUITests.framework */,
				7143D0A19015E90413EE199F /* Pods_Night_DriveTests.framework */,
			);
			name = Frameworks;
			sourceTree = "<group>";
		};
		4C2F55D52572F919005CE548 = {
			isa = PBXGroup;
			children = (
				4C2F55E02572F919005CE548 /* Night Drive */,
				4C2F55F72572F91A005CE548 /* Night DriveTests */,
				4C2F56022572F91A005CE548 /* Night DriveUITests */,
				4C2F55DF2572F919005CE548 /* Products */,
				64E7BB738ED1D950F63BC257 /* Pods */,
				1D92AFEFEBA1B524645B57DA /* Frameworks */,
			);
			sourceTree = "<group>";
		};
		4C2F55DF2572F919005CE548 /* Products */ = {
			isa = PBXGroup;
			children = (
				4C2F55DE2572F919005CE548 /* Night Drive.app */,
				4C2F55F42572F91A005CE548 /* Night DriveTests.xctest */,
				4C2F55FF2572F91A005CE548 /* Night DriveUITests.xctest */,
			);
			name = Products;
			sourceTree = "<group>";
		};
		4C2F55E02572F919005CE548 /* Night Drive */ = {
			isa = PBXGroup;
			children = (
				4C2F55E12572F919005CE548 /* AppDelegate.swift */,
				4C7562E4257D6E9A006A8186 /* MusicViewController.swift */,
				4C2F5690257C35EF005CE548 /* Images.xcassets */,
				4C7562D4257C6303006A8186 /* MapsViewController.swift */,
				4C2F55E32572F919005CE548 /* SceneDelegate.swift */,
				4C2F55E72572F919005CE548 /* Main.storyboard */,
				4C2F55EA2572F91A005CE548 /* Assets.xcassets */,
				4C2F55EC2572F91A005CE548 /* LaunchScreen.storyboard */,
				4C2F55EF2572F91A005CE548 /* Info.plist */,
				72898A6B25745CDF000DCB25 /* LoginViewController.swift */,
				72898A7325745D0C000DCB25 /* HomeViewController.swift */,
				72898A78257465B6000DCB25 /* SignUpViewController.swift */,
			);
			path = "Night Drive";
			sourceTree = "<group>";
		};
		4C2F55F72572F91A005CE548 /* Night DriveTests */ = {
			isa = PBXGroup;
			children = (
				4C2F55F82572F91A005CE548 /* Night_DriveTests.swift */,
				4C2F55FA2572F91A005CE548 /* Info.plist */,
			);
			path = "Night DriveTests";
			sourceTree = "<group>";
		};
		4C2F56022572F91A005CE548 /* Night DriveUITests */ = {
			isa = PBXGroup;
			children = (
				4C2F56032572F91A005CE548 /* Night_DriveUITests.swift */,
				4C2F56052572F91A005CE548 /* Info.plist */,
			);
			path = "Night DriveUITests";
			sourceTree = "<group>";
		};
		64E7BB738ED1D950F63BC257 /* Pods */ = {
			isa = PBXGroup;
			children = (
				5EC25F4EF304065A13F1E13C /* Pods-Night Drive.debug.xcconfig */,
				5C49620A9BBC08A1E6E226D8 /* Pods-Night Drive.release.xcconfig */,
				8827B54887D234DC98952F43 /* Pods-Night Drive-Night DriveUITests.debug.xcconfig */,
				94164CC2317C9B3369BCBB3D /* Pods-Night Drive-Night DriveUITests.release.xcconfig */,
				0245DD8B3E57E490F0BD8682 /* Pods-Night DriveTests.debug.xcconfig */,
				2697EF7B1E2D66CE96EB06FC /* Pods-Night DriveTests.release.xcconfig */,
			);
			path = Pods;
			sourceTree = "<group>";
		};
/* End PBXGroup section */

/* Begin PBXNativeTarget section */
		4C2F55DD2572F919005CE548 /* Night Drive */ = {
			isa = PBXNativeTarget;
			buildConfigurationList = 4C2F56082572F91A005CE548 /* Build configuration list for PBXNativeTarget "Night Drive" */;
			buildPhases = (
				60B8ADB85B997ADC94A96113 /* [CP] Check Pods Manifest.lock */,
				4C2F55DA2572F919005CE548 /* Sources */,
				4C2F55DB2572F919005CE548 /* Frameworks */,
				4C2F55DC2572F919005CE548 /* Resources */,
				0B09DF86D019A3D34F41FF99 /* [CP] Embed Pods Frameworks */,
				2246237080FA05828FA8CF28 /* [CP] Copy Pods Resources */,
			);
			buildRules = (
			);
			dependencies = (
			);
			name = "Night Drive";
			productName = "Night Drive";
			productReference = 4C2F55DE2572F919005CE548 /* Night Drive.app */;
			productType = "com.apple.product-type.application";
		};
		4C2F55F32572F91A005CE548 /* Night DriveTests */ = {
			isa = PBXNativeTarget;
			buildConfigurationList = 4C2F560B2572F91A005CE548 /* Build configuration list for PBXNativeTarget "Night DriveTests" */;
			buildPhases = (
				40881B701DE7109FD9D8BFC0 /* [CP] Check Pods Manifest.lock */,
				4C2F55F02572F91A005CE548 /* Sources */,
				4C2F55F12572F91A005CE548 /* Frameworks */,
				4C2F55F22572F91A005CE548 /* Resources */,
			);
			buildRules = (
			);
			dependencies = (
				4C2F55F62572F91A005CE548 /* PBXTargetDependency */,
			);
			name = "Night DriveTests";
			productName = "Night DriveTests";
			productReference = 4C2F55F42572F91A005CE548 /* Night DriveTests.xctest */;
			productType = "com.apple.product-type.bundle.unit-test";
		};
		4C2F55FE2572F91A005CE548 /* Night DriveUITests */ = {
			isa = PBXNativeTarget;
			buildConfigurationList = 4C2F560E2572F91A005CE548 /* Build configuration list for PBXNativeTarget "Night DriveUITests" */;
			buildPhases = (
				450711BC36A3524FDDE0E9CE /* [CP] Check Pods Manifest.lock */,
				4C2F55FB2572F91A005CE548 /* Sources */,
				4C2F55FC2572F91A005CE548 /* Frameworks */,
				4C2F55FD2572F91A005CE548 /* Resources */,
				1B515FD1181911C0518814D4 /* [CP] Embed Pods Frameworks */,
				0B7CA9E508F34EE7C844D091 /* [CP] Copy Pods Resources */,
			);
			buildRules = (
			);
			dependencies = (
				4C2F56012572F91A005CE548 /* PBXTargetDependency */,
			);
			name = "Night DriveUITests";
			productName = "Night DriveUITests";
			productReference = 4C2F55FF2572F91A005CE548 /* Night DriveUITests.xctest */;
			productType = "com.apple.product-type.bundle.ui-testing";
		};
/* End PBXNativeTarget section */

/* Begin PBXProject section */
		4C2F55D62572F919005CE548 /* Project object */ = {
			isa = PBXProject;
			attributes = {
				LastSwiftUpdateCheck = 1220;
				LastUpgradeCheck = 1220;
				TargetAttributes = {
					4C2F55DD2572F919005CE548 = {
						CreatedOnToolsVersion = 12.2;
					};
					4C2F55F32572F91A005CE548 = {
						CreatedOnToolsVersion = 12.2;
						TestTargetID = 4C2F55DD2572F919005CE548;
					};
					4C2F55FE2572F91A005CE548 = {
						CreatedOnToolsVersion = 12.2;
						TestTargetID = 4C2F55DD2572F919005CE548;
					};
				};
			};
			buildConfigurationList = 4C2F55D92572F919005CE548 /* Build configuration list for PBXProject "Night Drive" */;
			compatibilityVersion = "Xcode 9.3";
			developmentRegion = en;
			hasScannedForEncodings = 0;
			knownRegions = (
				en,
				Base,
			);
			mainGroup = 4C2F55D52572F919005CE548;
			productRefGroup = 4C2F55DF2572F919005CE548 /* Products */;
			projectDirPath = "";
			projectRoot = "";
			targets = (
				4C2F55DD2572F919005CE548 /* Night Drive */,
				4C2F55F32572F91A005CE548 /* Night DriveTests */,
				4C2F55FE2572F91A005CE548 /* Night DriveUITests */,
			);
		};
/* End PBXProject section */

/* Begin PBXResourcesBuildPhase section */
		4C2F55DC2572F919005CE548 /* Resources */ = {
			isa = PBXResourcesBuildPhase;
			buildActionMask = 2147483647;
			files = (
				4C2F55EE2572F91A005CE548 /* LaunchScreen.storyboard in Resources */,
				4C2F5691257C35EF005CE548 /* Images.xcassets in Resources */,
				4C2F55EB2572F91A005CE548 /* Assets.xcassets in Resources */,
				4C2F55E92572F919005CE548 /* Main.storyboard in Resources */,
			);
			runOnlyForDeploymentPostprocessing = 0;
		};
		4C2F55F22572F91A005CE548 /* Resources */ = {
			isa = PBXResourcesBuildPhase;
			buildActionMask = 2147483647;
			files = (
			);
			runOnlyForDeploymentPostprocessing = 0;
		};
		4C2F55FD2572F91A005CE548 /* Resources */ = {
			isa = PBXResourcesBuildPhase;
			buildActionMask = 2147483647;
			files = (
			);
			runOnlyForDeploymentPostprocessing = 0;
		};
/* End PBXResourcesBuildPhase section */

/* Begin PBXShellScriptBuildPhase section */
		0B09DF86D019A3D34F41FF99 /* [CP] Embed Pods Frameworks */ = {
			isa = PBXShellScriptBuildPhase;
			buildActionMask = 2147483647;
			files = (
			);
			inputFileListPaths = (
				"${PODS_ROOT}/Target Support Files/Pods-Night Drive/Pods-Night Drive-frameworks-${CONFIGURATION}-input-files.xcfilelist",
			);
			name = "[CP] Embed Pods Frameworks";
			outputFileListPaths = (
				"${PODS_ROOT}/Target Support Files/Pods-Night Drive/Pods-Night Drive-frameworks-${CONFIGURATION}-output-files.xcfilelist",
			);
			runOnlyForDeploymentPostprocessing = 0;
			shellPath = /bin/sh;
			shellScript = "\"${PODS_ROOT}/Target Support Files/Pods-Night Drive/Pods-Night Drive-frameworks.sh\"\n";
			showEnvVarsInLog = 0;
		};
		0B7CA9E508F34EE7C844D091 /* [CP] Copy Pods Resources */ = {
			isa = PBXShellScriptBuildPhase;
			buildActionMask = 2147483647;
			files = (
			);
			inputFileListPaths = (
				"${PODS_ROOT}/Target Support Files/Pods-Night Drive-Night DriveUITests/Pods-Night Drive-Night DriveUITests-resources-${CONFIGURATION}-input-files.xcfilelist",
			);
			name = "[CP] Copy Pods Resources";
			outputFileListPaths = (
				"${PODS_ROOT}/Target Support Files/Pods-Night Drive-Night DriveUITests/Pods-Night Drive-Night DriveUITests-resources-${CONFIGURATION}-output-files.xcfilelist",
			);
			runOnlyForDeploymentPostprocessing = 0;
			shellPath = /bin/sh;
			shellScript = "\"${PODS_ROOT}/Target Support Files/Pods-Night Drive-Night DriveUITests/Pods-Night Drive-Night DriveUITests-resources.sh\"\n";
			showEnvVarsInLog = 0;
		};
		1B515FD1181911C0518814D4 /* [CP] Embed Pods Frameworks */ = {
			isa = PBXShellScriptBuildPhase;
			buildActionMask = 2147483647;
			files = (
			);
			inputFileListPaths = (
				"${PODS_ROOT}/Target Support Files/Pods-Night Drive-Night DriveUITests/Pods-Night Drive-Night DriveUITests-frameworks-${CONFIGURATION}-input-files.xcfilelist",
			);
			name = "[CP] Embed Pods Frameworks";
			outputFileListPaths = (
				"${PODS_ROOT}/Target Support Files/Pods-Night Drive-Night DriveUITests/Pods-Night Drive-Night DriveUITests-frameworks-${CONFIGURATION}-output-files.xcfilelist",
			);
			runOnlyForDeploymentPostprocessing = 0;
			shellPath = /bin/sh;
			shellScript = "\"${PODS_ROOT}/Target Support Files/Pods-Night Drive-Night DriveUITests/Pods-Night Drive-Night DriveUITests-frameworks.sh\"\n";
			showEnvVarsInLog = 0;
		};
		2246237080FA05828FA8CF28 /* [CP] Copy Pods Resources */ = {
			isa = PBXShellScriptBuildPhase;
			buildActionMask = 2147483647;
			files = (
			);
			inputFileListPaths = (
				"${PODS_ROOT}/Target Support Files/Pods-Night Drive/Pods-Night Drive-resources-${CONFIGURATION}-input-files.xcfilelist",
			);
			name = "[CP] Copy Pods Resources";
			outputFileListPaths = (
				"${PODS_ROOT}/Target Support Files/Pods-Night Drive/Pods-Night Drive-resources-${CONFIGURATION}-output-files.xcfilelist",
			);
			runOnlyForDeploymentPostprocessing = 0;
			shellPath = /bin/sh;
			shellScript = "\"${PODS_ROOT}/Target Support Files/Pods-Night Drive/Pods-Night Drive-resources.sh\"\n";
			showEnvVarsInLog = 0;
		};
		40881B701DE7109FD9D8BFC0 /* [CP] Check Pods Manifest.lock */ = {
			isa = PBXShellScriptBuildPhase;
			buildActionMask = 2147483647;
			files = (
			);
			inputFileListPaths = (
			);
			inputPaths = (
				"${PODS_PODFILE_DIR_PATH}/Podfile.lock",
				"${PODS_ROOT}/Manifest.lock",
			);
			name = "[CP] Check Pods Manifest.lock";
			outputFileListPaths = (
			);
			outputPaths = (
				"$(DERIVED_FILE_DIR)/Pods-Night DriveTests-checkManifestLockResult.txt",
			);
			runOnlyForDeploymentPostprocessing = 0;
			shellPath = /bin/sh;
			shellScript = "diff \"${PODS_PODFILE_DIR_PATH}/Podfile.lock\" \"${PODS_ROOT}/Manifest.lock\" > /dev/null\nif [ $? != 0 ] ; then\n    # print error to STDERR\n    echo \"error: The sandbox is not in sync with the Podfile.lock. Run 'pod install' or update your CocoaPods installation.\" >&2\n    exit 1\nfi\n# This output is used by Xcode 'outputs' to avoid re-running this script phase.\necho \"SUCCESS\" > \"${SCRIPT_OUTPUT_FILE_0}\"\n";
			showEnvVarsInLog = 0;
		};
		450711BC36A3524FDDE0E9CE /* [CP] Check Pods Manifest.lock */ = {
			isa = PBXShellScriptBuildPhase;
			buildActionMask = 2147483647;
			files = (
			);
			inputFileListPaths = (
			);
			inputPaths = (
				"${PODS_PODFILE_DIR_PATH}/Podfile.lock",
				"${PODS_ROOT}/Manifest.lock",
			);
			name = "[CP] Check Pods Manifest.lock";
			outputFileListPaths = (
			);
			outputPaths = (
				"$(DERIVED_FILE_DIR)/Pods-Night Drive-Night DriveUITests-checkManifestLockResult.txt",
			);
			runOnlyForDeploymentPostprocessing = 0;
			shellPath = /bin/sh;
			shellScript = "diff \"${PODS_PODFILE_DIR_PATH}/Podfile.lock\" \"${PODS_ROOT}/Manifest.lock\" > /dev/null\nif [ $? != 0 ] ; then\n    # print error to STDERR\n    echo \"error: The sandbox is not in sync with the Podfile.lock. Run 'pod install' or update your CocoaPods installation.\" >&2\n    exit 1\nfi\n# This output is used by Xcode 'outputs' to avoid re-running this script phase.\necho \"SUCCESS\" > \"${SCRIPT_OUTPUT_FILE_0}\"\n";
			showEnvVarsInLog = 0;
		};
		60B8ADB85B997ADC94A96113 /* [CP] Check Pods Manifest.lock */ = {
			isa = PBXShellScriptBuildPhase;
			buildActionMask = 2147483647;
			files = (
			);
			inputFileListPaths = (
			);
			inputPaths = (
				"${PODS_PODFILE_DIR_PATH}/Podfile.lock",
				"${PODS_ROOT}/Manifest.lock",
			);
			name = "[CP] Check Pods Manifest.lock";
			outputFileListPaths = (
			);
			outputPaths = (
				"$(DERIVED_FILE_DIR)/Pods-Night Drive-checkManifestLockResult.txt",
			);
			runOnlyForDeploymentPostprocessing = 0;
			shellPath = /bin/sh;
			shellScript = "diff \"${PODS_PODFILE_DIR_PATH}/Podfile.lock\" \"${PODS_ROOT}/Manifest.lock\" > /dev/null\nif [ $? != 0 ] ; then\n    # print error to STDERR\n    echo \"error: The sandbox is not in sync with the Podfile.lock. Run 'pod install' or update your CocoaPods installation.\" >&2\n    exit 1\nfi\n# This output is used by Xcode 'outputs' to avoid re-running this script phase.\necho \"SUCCESS\" > \"${SCRIPT_OUTPUT_FILE_0}\"\n";
			showEnvVarsInLog = 0;
		};
/* End PBXShellScriptBuildPhase section */

/* Begin PBXSourcesBuildPhase section */
		4C2F55DA2572F919005CE548 /* Sources */ = {
			isa = PBXSourcesBuildPhase;
			buildActionMask = 2147483647;
			files = (
				72898A6C25745CDF000DCB25 /* LoginViewController.swift in Sources */,
				4C7562E5257D6E9A006A8186 /* MusicViewController.swift in Sources */,
				4C7562D5257C6303006A8186 /* MapsViewController.swift in Sources */,
				4C2F55E22572F919005CE548 /* AppDelegate.swift in Sources */,
				4C2F55E42572F919005CE548 /* SceneDelegate.swift in Sources */,
				72898A7425745D0C000DCB25 /* HomeViewController.swift in Sources */,
				72898A79257465B6000DCB25 /* SignUpViewController.swift in Sources */,
			);
			runOnlyForDeploymentPostprocessing = 0;
		};
		4C2F55F02572F91A005CE548 /* Sources */ = {
			isa = PBXSourcesBuildPhase;
			buildActionMask = 2147483647;
			files = (
				4C2F55F92572F91A005CE548 /* Night_DriveTests.swift in Sources */,
			);
			runOnlyForDeploymentPostprocessing = 0;
		};
		4C2F55FB2572F91A005CE548 /* Sources */ = {
			isa = PBXSourcesBuildPhase;
			buildActionMask = 2147483647;
			files = (
				4C2F56042572F91A005CE548 /* Night_DriveUITests.swift in Sources */,
			);
			runOnlyForDeploymentPostprocessing = 0;
		};
/* End PBXSourcesBuildPhase section */

/* Begin PBXTargetDependency section */
		4C2F55F62572F91A005CE548 /* PBXTargetDependency */ = {
			isa = PBXTargetDependency;
			target = 4C2F55DD2572F919005CE548 /* Night Drive */;
			targetProxy = 4C2F55F52572F91A005CE548 /* PBXContainerItemProxy */;
		};
		4C2F56012572F91A005CE548 /* PBXTargetDependency */ = {
			isa = PBXTargetDependency;
			target = 4C2F55DD2572F919005CE548 /* Night Drive */;
			targetProxy = 4C2F56002572F91A005CE548 /* PBXContainerItemProxy */;
		};
/* End PBXTargetDependency section */

/* Begin PBXVariantGroup section */
		4C2F55E72572F919005CE548 /* Main.storyboard */ = {
			isa = PBXVariantGroup;
			children = (
				4C2F55E82572F919005CE548 /* Base */,
			);
			name = Main.storyboard;
			sourceTree = "<group>";
		};
		4C2F55EC2572F91A005CE548 /* LaunchScreen.storyboard */ = {
			isa = PBXVariantGroup;
			children = (
				4C2F55ED2572F91A005CE548 /* Base */,
			);
			name = LaunchScreen.storyboard;
			sourceTree = "<group>";
		};
/* End PBXVariantGroup section */

/* Begin XCBuildConfiguration section */
		4C2F56062572F91A005CE548 /* Debug */ = {
			isa = XCBuildConfiguration;
			buildSettings = {
				ALWAYS_SEARCH_USER_PATHS = NO;
				CLANG_ANALYZER_NONNULL = YES;
				CLANG_ANALYZER_NUMBER_OBJECT_CONVERSION = YES_AGGRESSIVE;
				CLANG_CXX_LANGUAGE_STANDARD = "gnu++14";
				CLANG_CXX_LIBRARY = "libc++";
				CLANG_ENABLE_MODULES = YES;
				CLANG_ENABLE_OBJC_ARC = YES;
				CLANG_ENABLE_OBJC_WEAK = YES;
				CLANG_WARN_BLOCK_CAPTURE_AUTORELEASING = YES;
				CLANG_WARN_BOOL_CONVERSION = YES;
				CLANG_WARN_COMMA = YES;
				CLANG_WARN_CONSTANT_CONVERSION = YES;
				CLANG_WARN_DEPRECATED_OBJC_IMPLEMENTATIONS = YES;
				CLANG_WARN_DIRECT_OBJC_ISA_USAGE = YES_ERROR;
				CLANG_WARN_DOCUMENTATION_COMMENTS = YES;
				CLANG_WARN_EMPTY_BODY = YES;
				CLANG_WARN_ENUM_CONVERSION = YES;
				CLANG_WARN_INFINITE_RECURSION = YES;
				CLANG_WARN_INT_CONVERSION = YES;
				CLANG_WARN_NON_LITERAL_NULL_CONVERSION = YES;
				CLANG_WARN_OBJC_IMPLICIT_RETAIN_SELF = YES;
				CLANG_WARN_OBJC_LITERAL_CONVERSION = YES;
				CLANG_WARN_OBJC_ROOT_CLASS = YES_ERROR;
				CLANG_WARN_QUOTED_INCLUDE_IN_FRAMEWORK_HEADER = YES;
				CLANG_WARN_RANGE_LOOP_ANALYSIS = YES;
				CLANG_WARN_STRICT_PROTOTYPES = YES;
				CLANG_WARN_SUSPICIOUS_MOVE = YES;
				CLANG_WARN_UNGUARDED_AVAILABILITY = YES_AGGRESSIVE;
				CLANG_WARN_UNREACHABLE_CODE = YES;
				CLANG_WARN__DUPLICATE_METHOD_MATCH = YES;
				COPY_PHASE_STRIP = NO;
				DEBUG_INFORMATION_FORMAT = dwarf;
				ENABLE_STRICT_OBJC_MSGSEND = YES;
				ENABLE_TESTABILITY = YES;
				GCC_C_LANGUAGE_STANDARD = gnu11;
				GCC_DYNAMIC_NO_PIC = NO;
				GCC_NO_COMMON_BLOCKS = YES;
				GCC_OPTIMIZATION_LEVEL = 0;
				GCC_PREPROCESSOR_DEFINITIONS = (
					"DEBUG=1",
					"$(inherited)",
				);
				GCC_WARN_64_TO_32_BIT_CONVERSION = YES;
				GCC_WARN_ABOUT_RETURN_TYPE = YES_ERROR;
				GCC_WARN_UNDECLARED_SELECTOR = YES;
				GCC_WARN_UNINITIALIZED_AUTOS = YES_AGGRESSIVE;
				GCC_WARN_UNUSED_FUNCTION = YES;
				GCC_WARN_UNUSED_VARIABLE = YES;
				IPHONEOS_DEPLOYMENT_TARGET = 14.2;
				MTL_ENABLE_DEBUG_INFO = INCLUDE_SOURCE;
				MTL_FAST_MATH = YES;
				ONLY_ACTIVE_ARCH = YES;
				SDKROOT = iphoneos;
				SWIFT_ACTIVE_COMPILATION_CONDITIONS = DEBUG;
				SWIFT_OPTIMIZATION_LEVEL = "-Onone";
			};
			name = Debug;
		};
		4C2F56072572F91A005CE548 /* Release */ = {
			isa = XCBuildConfiguration;
			buildSettings = {
				ALWAYS_SEARCH_USER_PATHS = NO;
				CLANG_ANALYZER_NONNULL = YES;
				CLANG_ANALYZER_NUMBER_OBJECT_CONVERSION = YES_AGGRESSIVE;
				CLANG_CXX_LANGUAGE_STANDARD = "gnu++14";
				CLANG_CXX_LIBRARY = "libc++";
				CLANG_ENABLE_MODULES = YES;
				CLANG_ENABLE_OBJC_ARC = YES;
				CLANG_ENABLE_OBJC_WEAK = YES;
				CLANG_WARN_BLOCK_CAPTURE_AUTORELEASING = YES;
				CLANG_WARN_BOOL_CONVERSION = YES;
				CLANG_WARN_COMMA = YES;
				CLANG_WARN_CONSTANT_CONVERSION = YES;
				CLANG_WARN_DEPRECATED_OBJC_IMPLEMENTATIONS = YES;
				CLANG_WARN_DIRECT_OBJC_ISA_USAGE = YES_ERROR;
				CLANG_WARN_DOCUMENTATION_COMMENTS = YES;
				CLANG_WARN_EMPTY_BODY = YES;
				CLANG_WARN_ENUM_CONVERSION = YES;
				CLANG_WARN_INFINITE_RECURSION = YES;
				CLANG_WARN_INT_CONVERSION = YES;
				CLANG_WARN_NON_LITERAL_NULL_CONVERSION = YES;
				CLANG_WARN_OBJC_IMPLICIT_RETAIN_SELF = YES;
				CLANG_WARN_OBJC_LITERAL_CONVERSION = YES;
				CLANG_WARN_OBJC_ROOT_CLASS = YES_ERROR;
				CLANG_WARN_QUOTED_INCLUDE_IN_FRAMEWORK_HEADER = YES;
				CLANG_WARN_RANGE_LOOP_ANALYSIS = YES;
				CLANG_WARN_STRICT_PROTOTYPES = YES;
				CLANG_WARN_SUSPICIOUS_MOVE = YES;
				CLANG_WARN_UNGUARDED_AVAILABILITY = YES_AGGRESSIVE;
				CLANG_WARN_UNREACHABLE_CODE = YES;
				CLANG_WARN__DUPLICATE_METHOD_MATCH = YES;
				COPY_PHASE_STRIP = NO;
				DEBUG_INFORMATION_FORMAT = "dwarf-with-dsym";
				ENABLE_NS_ASSERTIONS = NO;
				ENABLE_STRICT_OBJC_MSGSEND = YES;
				GCC_C_LANGUAGE_STANDARD = gnu11;
				GCC_NO_COMMON_BLOCKS = YES;
				GCC_WARN_64_TO_32_BIT_CONVERSION = YES;
				GCC_WARN_ABOUT_RETURN_TYPE = YES_ERROR;
				GCC_WARN_UNDECLARED_SELECTOR = YES;
				GCC_WARN_UNINITIALIZED_AUTOS = YES_AGGRESSIVE;
				GCC_WARN_UNUSED_FUNCTION = YES;
				GCC_WARN_UNUSED_VARIABLE = YES;
				IPHONEOS_DEPLOYMENT_TARGET = 14.2;
				MTL_ENABLE_DEBUG_INFO = NO;
				MTL_FAST_MATH = YES;
				SDKROOT = iphoneos;
				SWIFT_COMPILATION_MODE = wholemodule;
				SWIFT_OPTIMIZATION_LEVEL = "-O";
				VALIDATE_PRODUCT = YES;
			};
			name = Release;
		};
		4C2F56092572F91A005CE548 /* Debug */ = {
			isa = XCBuildConfiguration;
			baseConfigurationReference = 5EC25F4EF304065A13F1E13C /* Pods-Night Drive.debug.xcconfig */;
			buildSettings = {
				ASSETCATALOG_COMPILER_APPICON_NAME = AppIcon;
				ASSETCATALOG_COMPILER_GLOBAL_ACCENT_COLOR_NAME = AccentColor;
				CODE_SIGN_STYLE = Automatic;
				DEVELOPMENT_TEAM = F4387CU2W5;
				INFOPLIST_FILE = "Night Drive/Info.plist";
				LD_RUNPATH_SEARCH_PATHS = (
					"$(inherited)",
					"@executable_path/Frameworks",
				);
				PRODUCT_BUNDLE_IDENTIFIER = "CodePath-Group-4.Night-Drive";
				PRODUCT_NAME = "$(TARGET_NAME)";
				SWIFT_VERSION = 5.0;
				TARGETED_DEVICE_FAMILY = "1,2";
			};
			name = Debug;
		};
		4C2F560A2572F91A005CE548 /* Release */ = {
			isa = XCBuildConfiguration;
			baseConfigurationReference = 5C49620A9BBC08A1E6E226D8 /* Pods-Night Drive.release.xcconfig */;
			buildSettings = {
				ASSETCATALOG_COMPILER_APPICON_NAME = AppIcon;
				ASSETCATALOG_COMPILER_GLOBAL_ACCENT_COLOR_NAME = AccentColor;
				CODE_SIGN_STYLE = Automatic;
				DEVELOPMENT_TEAM = F4387CU2W5;
				INFOPLIST_FILE = "Night Drive/Info.plist";
				LD_RUNPATH_SEARCH_PATHS = (
					"$(inherited)",
					"@executable_path/Frameworks",
				);
				PRODUCT_BUNDLE_IDENTIFIER = "CodePath-Group-4.Night-Drive";
				PRODUCT_NAME = "$(TARGET_NAME)";
				SWIFT_VERSION = 5.0;
				TARGETED_DEVICE_FAMILY = "1,2";
			};
			name = Release;
		};
		4C2F560C2572F91A005CE548 /* Debug */ = {
			isa = XCBuildConfiguration;
			baseConfigurationReference = 0245DD8B3E57E490F0BD8682 /* Pods-Night DriveTests.debug.xcconfig */;
			buildSettings = {
				ALWAYS_EMBED_SWIFT_STANDARD_LIBRARIES = YES;
				BUNDLE_LOADER = "$(TEST_HOST)";
				CODE_SIGN_STYLE = Automatic;
				INFOPLIST_FILE = "Night DriveTests/Info.plist";
				IPHONEOS_DEPLOYMENT_TARGET = 14.2;
				LD_RUNPATH_SEARCH_PATHS = (
					"$(inherited)",
					"@executable_path/Frameworks",
					"@loader_path/Frameworks",
				);
				PRODUCT_BUNDLE_IDENTIFIER = "CodePath-Group-4.Night-DriveTests";
				PRODUCT_NAME = "$(TARGET_NAME)";
				SWIFT_VERSION = 5.0;
				TARGETED_DEVICE_FAMILY = "1,2";
				TEST_HOST = "$(BUILT_PRODUCTS_DIR)/Night Drive.app/Night Drive";
			};
			name = Debug;
		};
		4C2F560D2572F91A005CE548 /* Release */ = {
			isa = XCBuildConfiguration;
			baseConfigurationReference = 2697EF7B1E2D66CE96EB06FC /* Pods-Night DriveTests.release.xcconfig */;
			buildSettings = {
				ALWAYS_EMBED_SWIFT_STANDARD_LIBRARIES = YES;
				BUNDLE_LOADER = "$(TEST_HOST)";
				CODE_SIGN_STYLE = Automatic;
				INFOPLIST_FILE = "Night DriveTests/Info.plist";
				IPHONEOS_DEPLOYMENT_TARGET = 14.2;
				LD_RUNPATH_SEARCH_PATHS = (
					"$(inherited)",
					"@executable_path/Frameworks",
					"@loader_path/Frameworks",
				);
				PRODUCT_BUNDLE_IDENTIFIER = "CodePath-Group-4.Night-DriveTests";
				PRODUCT_NAME = "$(TARGET_NAME)";
				SWIFT_VERSION = 5.0;
				TARGETED_DEVICE_FAMILY = "1,2";
				TEST_HOST = "$(BUILT_PRODUCTS_DIR)/Night Drive.app/Night Drive";
			};
			name = Release;
		};
		4C2F560F2572F91A005CE548 /* Debug */ = {
			isa = XCBuildConfiguration;
			baseConfigurationReference = 8827B54887D234DC98952F43 /* Pods-Night Drive-Night DriveUITests.debug.xcconfig */;
			buildSettings = {
				ALWAYS_EMBED_SWIFT_STANDARD_LIBRARIES = YES;
				CODE_SIGN_STYLE = Automatic;
				INFOPLIST_FILE = "Night DriveUITests/Info.plist";
				LD_RUNPATH_SEARCH_PATHS = (
					"$(inherited)",
					"@executable_path/Frameworks",
					"@loader_path/Frameworks",
				);
				PRODUCT_BUNDLE_IDENTIFIER = "CodePath-Group-4.Night-DriveUITests";
				PRODUCT_NAME = "$(TARGET_NAME)";
				SWIFT_VERSION = 5.0;
				TARGETED_DEVICE_FAMILY = "1,2";
				TEST_TARGET_NAME = "Night Drive";
			};
			name = Debug;
		};
		4C2F56102572F91A005CE548 /* Release */ = {
			isa = XCBuildConfiguration;
			baseConfigurationReference = 94164CC2317C9B3369BCBB3D /* Pods-Night Drive-Night DriveUITests.release.xcconfig */;
			buildSettings = {
				ALWAYS_EMBED_SWIFT_STANDARD_LIBRARIES = YES;
				CODE_SIGN_STYLE = Automatic;
				INFOPLIST_FILE = "Night DriveUITests/Info.plist";
				LD_RUNPATH_SEARCH_PATHS = (
					"$(inherited)",
					"@executable_path/Frameworks",
					"@loader_path/Frameworks",
				);
				PRODUCT_BUNDLE_IDENTIFIER = "CodePath-Group-4.Night-DriveUITests";
				PRODUCT_NAME = "$(TARGET_NAME)";
				SWIFT_VERSION = 5.0;
				TARGETED_DEVICE_FAMILY = "1,2";
				TEST_TARGET_NAME = "Night Drive";
			};
			name = Release;
		};
/* End XCBuildConfiguration section */

/* Begin XCConfigurationList section */
		4C2F55D92572F919005CE548 /* Build configuration list for PBXProject "Night Drive" */ = {
			isa = XCConfigurationList;
			buildConfigurations = (
				4C2F56062572F91A005CE548 /* Debug */,
				4C2F56072572F91A005CE548 /* Release */,
			);
			defaultConfigurationIsVisible = 0;
			defaultConfigurationName = Release;
		};
		4C2F56082572F91A005CE548 /* Build configuration list for PBXNativeTarget "Night Drive" */ = {
			isa = XCConfigurationList;
			buildConfigurations = (
				4C2F56092572F91A005CE548 /* Debug */,
				4C2F560A2572F91A005CE548 /* Release */,
			);
			defaultConfigurationIsVisible = 0;
			defaultConfigurationName = Release;
		};
		4C2F560B2572F91A005CE548 /* Build configuration list for PBXNativeTarget "Night DriveTests" */ = {
			isa = XCConfigurationList;
			buildConfigurations = (
				4C2F560C2572F91A005CE548 /* Debug */,
				4C2F560D2572F91A005CE548 /* Release */,
			);
			defaultConfigurationIsVisible = 0;
			defaultConfigurationName = Release;
		};
		4C2F560E2572F91A005CE548 /* Build configuration list for PBXNativeTarget "Night DriveUITests" */ = {
			isa = XCConfigurationList;
			buildConfigurations = (
				4C2F560F2572F91A005CE548 /* Debug */,
				4C2F56102572F91A005CE548 /* Release */,
			);
			defaultConfigurationIsVisible = 0;
			defaultConfigurationName = Release;
		};
/* End XCConfigurationList section */
	};
	rootObject = 4C2F55D62572F919005CE548 /* Project object */;
}
